// !$*UTF8*$!
{
	archiveVersion = 1;
	classes = {
	};
	objectVersion = 55;
	objects = {

/* Begin PBXBuildFile section */
		366D655428A6671300C81E81 /* CustomTabbar_SwiftuiApp.swift in Sources */ = {isa = PBXBuildFile; fileRef = 366D655328A6671300C81E81 /* CustomTabbar_SwiftuiApp.swift */; };
		366D655628A6671300C81E81 /* ContentView.swift in Sources */ = {isa = PBXBuildFile; fileRef = 366D655528A6671300C81E81 /* ContentView.swift */; };
		366D655828A6671500C81E81 /* Assets.xcassets in Resources */ = {isa = PBXBuildFile; fileRef = 366D655728A6671500C81E81 /* Assets.xcassets */; };
		366D655B28A6671500C81E81 /* Preview Assets.xcassets in Resources */ = {isa = PBXBuildFile; fileRef = 366D655A28A6671500C81E81 /* Preview Assets.xcassets */; };
		366D656528A6671500C81E81 /* CustomTabbar_SwiftuiTests.swift in Sources */ = {isa = PBXBuildFile; fileRef = 366D656428A6671500C81E81 /* CustomTabbar_SwiftuiTests.swift */; };
		366D656F28A6671500C81E81 /* CustomTabbar_SwiftuiUITests.swift in Sources */ = {isa = PBXBuildFile; fileRef = 366D656E28A6671500C81E81 /* CustomTabbar_SwiftuiUITests.swift */; };
		366D657128A6671500C81E81 /* CustomTabbar_SwiftuiUITestsLaunchTests.swift in Sources */ = {isa = PBXBuildFile; fileRef = 366D657028A6671500C81E81 /* CustomTabbar_SwiftuiUITestsLaunchTests.swift */; };
		366D657E28AB6D2A00C81E81 /* Home.swift in Sources */ = {isa = PBXBuildFile; fileRef = 366D657D28AB6D2A00C81E81 /* Home.swift */; };
		366D658328ABDED900C81E81 /* ModelView.swift in Sources */ = {isa = PBXBuildFile; fileRef = 366D658228ABDED900C81E81 /* ModelView.swift */; };
		366D658628ABDF7C00C81E81 /* TabShape.swift in Sources */ = {isa = PBXBuildFile; fileRef = 366D658528ABDF7C00C81E81 /* TabShape.swift */; };
		366D658928ABE02A00C81E81 /* TabButton.swift in Sources */ = {isa = PBXBuildFile; fileRef = 366D658828ABE02A00C81E81 /* TabButton.swift */; };
/* End PBXBuildFile section */

/* Begin PBXContainerItemProxy section */
		366D656128A6671500C81E81 /* PBXContainerItemProxy */ = {
			isa = PBXContainerItemProxy;
			containerPortal = 366D654828A6671300C81E81 /* Project object */;
			proxyType = 1;
			remoteGlobalIDString = 366D654F28A6671300C81E81;
			remoteInfo = "CustomTabbar-Swiftui";
		};
		366D656B28A6671500C81E81 /* PBXContainerItemProxy */ = {
			isa = PBXContainerItemProxy;
			containerPortal = 366D654828A6671300C81E81 /* Project object */;
			proxyType = 1;
			remoteGlobalIDString = 366D654F28A6671300C81E81;
			remoteInfo = "CustomTabbar-Swiftui";
		};
/* End PBXContainerItemProxy section */

/* Begin PBXFileReference section */
		366D655028A6671300C81E81 /* CustomTabbar-Swiftui.app */ = {isa = PBXFileReference; explicitFileType = wrapper.application; includeInIndex = 0; path = "CustomTabbar-Swiftui.app"; sourceTree = BUILT_PRODUCTS_DIR; };
		366D655328A6671300C81E81 /* CustomTabbar_SwiftuiApp.swift */ = {isa = PBXFileReference; lastKnownFileType = sourcecode.swift; path = CustomTabbar_SwiftuiApp.swift; sourceTree = "<group>"; };
		366D655528A6671300C81E81 /* ContentView.swift */ = {isa = PBXFileReference; lastKnownFileType = sourcecode.swift; path = ContentView.swift; sourceTree = "<group>"; };
		366D655728A6671500C81E81 /* Assets.xcassets */ = {isa = PBXFileReference; lastKnownFileType = folder.assetcatalog; path = Assets.xcassets; sourceTree = "<group>"; };
		366D655A28A6671500C81E81 /* Preview Assets.xcassets */ = {isa = PBXFileReference; lastKnownFileType = folder.assetcatalog; path = "Preview Assets.xcassets"; sourceTree = "<group>"; };
		366D656028A6671500C81E81 /* CustomTabbar-SwiftuiTests.xctest */ = {isa = PBXFileReference; explicitFileType = wrapper.cfbundle; includeInIndex = 0; path = "CustomTabbar-SwiftuiTests.xctest"; sourceTree = BUILT_PRODUCTS_DIR; };
		366D656428A6671500C81E81 /* CustomTabbar_SwiftuiTests.swift */ = {isa = PBXFileReference; lastKnownFileType = sourcecode.swift; path = CustomTabbar_SwiftuiTests.swift; sourceTree = "<group>"; };
		366D656A28A6671500C81E81 /* CustomTabbar-SwiftuiUITests.xctest */ = {isa = PBXFileReference; explicitFileType = wrapper.cfbundle; includeInIndex = 0; path = "CustomTabbar-SwiftuiUITests.xctest"; sourceTree = BUILT_PRODUCTS_DIR; };
		366D656E28A6671500C81E81 /* CustomTabbar_SwiftuiUITests.swift */ = {isa = PBXFileReference; lastKnownFileType = sourcecode.swift; path = CustomTabbar_SwiftuiUITests.swift; sourceTree = "<group>"; };
		366D657028A6671500C81E81 /* CustomTabbar_SwiftuiUITestsLaunchTests.swift */ = {isa = PBXFileReference; lastKnownFileType = sourcecode.swift; path = CustomTabbar_SwiftuiUITestsLaunchTests.swift; sourceTree = "<group>"; };
		366D657D28AB6D2A00C81E81 /* Home.swift */ = {isa = PBXFileReference; lastKnownFileType = sourcecode.swift; path = Home.swift; sourceTree = "<group>"; };
		366D658228ABDED900C81E81 /* ModelView.swift */ = {isa = PBXFileReference; lastKnownFileType = sourcecode.swift; path = ModelView.swift; sourceTree = "<group>"; };
		366D658528ABDF7C00C81E81 /* TabShape.swift */ = {isa = PBXFileReference; lastKnownFileType = sourcecode.swift; path = TabShape.swift; sourceTree = "<group>"; };
		366D658828ABE02A00C81E81 /* TabButton.swift */ = {isa = PBXFileReference; lastKnownFileType = sourcecode.swift; path = TabButton.swift; sourceTree = "<group>"; };
/* End PBXFileReference section */

/* Begin PBXFrameworksBuildPhase section */
		366D654D28A6671300C81E81 /* Frameworks */ = {
			isa = PBXFrameworksBuildPhase;
			buildActionMask = 2147483647;
			files = (
			);
			runOnlyForDeploymentPostprocessing = 0;
		};
		366D655D28A6671500C81E81 /* Frameworks */ = {
			isa = PBXFrameworksBuildPhase;
			buildActionMask = 2147483647;
			files = (
			);
			runOnlyForDeploymentPostprocessing = 0;
		};
		366D656728A6671500C81E81 /* Frameworks */ = {
			isa = PBXFrameworksBuildPhase;
			buildActionMask = 2147483647;
			files = (
			);
			runOnlyForDeploymentPostprocessing = 0;
		};
/* End PBXFrameworksBuildPhase section */

/* Begin PBXGroup section */
		366D654728A6671300C81E81 = {
			isa = PBXGroup;
			children = (
				366D655228A6671300C81E81 /* CustomTabbar-Swiftui */,
				366D656328A6671500C81E81 /* CustomTabbar-SwiftuiTests */,
				366D656D28A6671500C81E81 /* CustomTabbar-SwiftuiUITests */,
				366D655128A6671300C81E81 /* Products */,
			);
			sourceTree = "<group>";
		};
		366D655128A6671300C81E81 /* Products */ = {
			isa = PBXGroup;
			children = (
				366D655028A6671300C81E81 /* CustomTabbar-Swiftui.app */,
				366D656028A6671500C81E81 /* CustomTabbar-SwiftuiTests.xctest */,
				366D656A28A6671500C81E81 /* CustomTabbar-SwiftuiUITests.xctest */,
			);
			name = Products;
			sourceTree = "<group>";
		};
		366D655228A6671300C81E81 /* CustomTabbar-Swiftui */ = {
			isa = PBXGroup;
			children = (
				366D658728ABE00900C81E81 /* View */,
				366D658428ABDF1300C81E81 /* Shape */,
				366D658128ABDEBB00C81E81 /* Model */,
				366D655328A6671300C81E81 /* CustomTabbar_SwiftuiApp.swift */,
				366D655728A6671500C81E81 /* Assets.xcassets */,
				366D655928A6671500C81E81 /* Preview Content */,
			);
			path = "CustomTabbar-Swiftui";
			sourceTree = "<group>";
		};
		366D655928A6671500C81E81 /* Preview Content */ = {
			isa = PBXGroup;
			children = (
				366D655A28A6671500C81E81 /* Preview Assets.xcassets */,
			);
			path = "Preview Content";
			sourceTree = "<group>";
		};
		366D656328A6671500C81E81 /* CustomTabbar-SwiftuiTests */ = {
			isa = PBXGroup;
			children = (
				366D656428A6671500C81E81 /* CustomTabbar_SwiftuiTests.swift */,
			);
			path = "CustomTabbar-SwiftuiTests";
			sourceTree = "<group>";
		};
		366D656D28A6671500C81E81 /* CustomTabbar-SwiftuiUITests */ = {
			isa = PBXGroup;
			children = (
				366D656E28A6671500C81E81 /* CustomTabbar_SwiftuiUITests.swift */,
				366D657028A6671500C81E81 /* CustomTabbar_SwiftuiUITestsLaunchTests.swift */,
			);
			path = "CustomTabbar-SwiftuiUITests";
			sourceTree = "<group>";
		};
		366D658128ABDEBB00C81E81 /* Model */ = {
			isa = PBXGroup;
			children = (
				366D658228ABDED900C81E81 /* ModelView.swift */,
			);
			path = Model;
			sourceTree = "<group>";
		};
		366D658428ABDF1300C81E81 /* Shape */ = {
			isa = PBXGroup;
			children = (
				366D658528ABDF7C00C81E81 /* TabShape.swift */,
			);
			path = Shape;
			sourceTree = "<group>";
		};
		366D658728ABE00900C81E81 /* View */ = {
			isa = PBXGroup;
			children = (
				366D657D28AB6D2A00C81E81 /* Home.swift */,
				366D655528A6671300C81E81 /* ContentView.swift */,
				366D658828ABE02A00C81E81 /* TabButton.swift */,
			);
			path = View;
			sourceTree = "<group>";
		};
/* End PBXGroup section */

/* Begin PBXNativeTarget section */
		366D654F28A6671300C81E81 /* CustomTabbar-Swiftui */ = {
			isa = PBXNativeTarget;
			buildConfigurationList = 366D657428A6671500C81E81 /* Build configuration list for PBXNativeTarget "CustomTabbar-Swiftui" */;
			buildPhases = (
				366D654C28A6671300C81E81 /* Sources */,
				366D654D28A6671300C81E81 /* Frameworks */,
				366D654E28A6671300C81E81 /* Resources */,
			);
			buildRules = (
			);
			dependencies = (
			);
			name = "CustomTabbar-Swiftui";
			productName = "CustomTabbar-Swiftui";
			productReference = 366D655028A6671300C81E81 /* CustomTabbar-Swiftui.app */;
			productType = "com.apple.product-type.application";
		};
		366D655F28A6671500C81E81 /* CustomTabbar-SwiftuiTests */ = {
			isa = PBXNativeTarget;
			buildConfigurationList = 366D657728A6671500C81E81 /* Build configuration list for PBXNativeTarget "CustomTabbar-SwiftuiTests" */;
			buildPhases = (
				366D655C28A6671500C81E81 /* Sources */,
				366D655D28A6671500C81E81 /* Frameworks */,
				366D655E28A6671500C81E81 /* Resources */,
			);
			buildRules = (
			);
			dependencies = (
				366D656228A6671500C81E81 /* PBXTargetDependency */,
			);
			name = "CustomTabbar-SwiftuiTests";
			productName = "CustomTabbar-SwiftuiTests";
			productReference = 366D656028A6671500C81E81 /* CustomTabbar-SwiftuiTests.xctest */;
			productType = "com.apple.product-type.bundle.unit-test";
		};
		366D656928A6671500C81E81 /* CustomTabbar-SwiftuiUITests */ = {
			isa = PBXNativeTarget;
			buildConfigurationList = 366D657A28A6671500C81E81 /* Build configuration list for PBXNativeTarget "CustomTabbar-SwiftuiUITests" */;
			buildPhases = (
				366D656628A6671500C81E81 /* Sources */,
				366D656728A6671500C81E81 /* Frameworks */,
				366D656828A6671500C81E81 /* Resources */,
			);
			buildRules = (
			);
			dependencies = (
				366D656C28A6671500C81E81 /* PBXTargetDependency */,
			);
			name = "CustomTabbar-SwiftuiUITests";
			productName = "CustomTabbar-SwiftuiUITests";
			productReference = 366D656A28A6671500C81E81 /* CustomTabbar-SwiftuiUITests.xctest */;
			productType = "com.apple.product-type.bundle.ui-testing";
		};
/* End PBXNativeTarget section */

/* Begin PBXProject section */
		366D654828A6671300C81E81 /* Project object */ = {
			isa = PBXProject;
			attributes = {
				BuildIndependentTargetsInParallel = 1;
				LastSwiftUpdateCheck = 1340;
				LastUpgradeCheck = 1340;
				TargetAttributes = {
					366D654F28A6671300C81E81 = {
						CreatedOnToolsVersion = 13.4.1;
					};
					366D655F28A6671500C81E81 = {
						CreatedOnToolsVersion = 13.4.1;
						TestTargetID = 366D654F28A6671300C81E81;
					};
					366D656928A6671500C81E81 = {
						CreatedOnToolsVersion = 13.4.1;
						TestTargetID = 366D654F28A6671300C81E81;
					};
				};
			};
			buildConfigurationList = 366D654B28A6671300C81E81 /* Build configuration list for PBXProject "CustomTabbar-Swiftui" */;
			compatibilityVersion = "Xcode 13.0";
			developmentRegion = en;
			hasScannedForEncodings = 0;
			knownRegions = (
				en,
				Base,
			);
			mainGroup = 366D654728A6671300C81E81;
			productRefGroup = 366D655128A6671300C81E81 /* Products */;
			projectDirPath = "";
			projectRoot = "";
			targets = (
				366D654F28A6671300C81E81 /* CustomTabbar-Swiftui */,
				366D655F28A6671500C81E81 /* CustomTabbar-SwiftuiTests */,
				366D656928A6671500C81E81 /* CustomTabbar-SwiftuiUITests */,
			);
		};
/* End PBXProject section */

/* Begin PBXResourcesBuildPhase section */
		366D654E28A6671300C81E81 /* Resources */ = {
			isa = PBXResourcesBuildPhase;
			buildActionMask = 2147483647;
			files = (
				366D655B28A6671500C81E81 /* Preview Assets.xcassets in Resources */,
				366D655828A6671500C81E81 /* Assets.xcassets in Resources */,
			);
			runOnlyForDeploymentPostprocessing = 0;
		};
		366D655E28A6671500C81E81 /* Resources */ = {
			isa = PBXResourcesBuildPhase;
			buildActionMask = 2147483647;
			files = (
			);
			runOnlyForDeploymentPostprocessing = 0;
		};
		366D656828A6671500C81E81 /* Resources */ = {
			isa = PBXResourcesBuildPhase;
			buildActionMask = 2147483647;
			files = (
			);
			runOnlyForDeploymentPostprocessing = 0;
		};
/* End PBXResourcesBuildPhase section */

/* Begin PBXSourcesBuildPhase section */
		366D654C28A6671300C81E81 /* Sources */ = {
			isa = PBXSourcesBuildPhase;
			buildActionMask = 2147483647;
			files = (
				366D655628A6671300C81E81 /* ContentView.swift in Sources */,
				366D658328ABDED900C81E81 /* ModelView.swift in Sources */,
				366D657E28AB6D2A00C81E81 /* Home.swift in Sources */,
				366D658928ABE02A00C81E81 /* TabButton.swift in Sources */,
				366D655428A6671300C81E81 /* CustomTabbar_SwiftuiApp.swift in Sources */,
				366D658628ABDF7C00C81E81 /* TabShape.swift in Sources */,
			);
			runOnlyForDeploymentPostprocessing = 0;
		};
		366D655C28A6671500C81E81 /* Sources */ = {
			isa = PBXSourcesBuildPhase;
			buildActionMask = 2147483647;
			files = (
				366D656528A6671500C81E81 /* CustomTabbar_SwiftuiTests.swift in Sources */,
			);
			runOnlyForDeploymentPostprocessing = 0;
		};
		366D656628A6671500C81E81 /* Sources */ = {
			isa = PBXSourcesBuildPhase;
			buildActionMask = 2147483647;
			files = (
				366D656F28A6671500C81E81 /* CustomTabbar_SwiftuiUITests.swift in Sources */,
				366D657128A6671500C81E81 /* CustomTabbar_SwiftuiUITestsLaunchTests.swift in Sources */,
			);
			runOnlyForDeploymentPostprocessing = 0;
		};
/* End PBXSourcesBuildPhase section */

/* Begin PBXTargetDependency section */
		366D656228A6671500C81E81 /* PBXTargetDependency */ = {
			isa = PBXTargetDependency;
			target = 366D654F28A6671300C81E81 /* CustomTabbar-Swiftui */;
			targetProxy = 366D656128A6671500C81E81 /* PBXContainerItemProxy */;
		};
		366D656C28A6671500C81E81 /* PBXTargetDependency */ = {
			isa = PBXTargetDependency;
			target = 366D654F28A6671300C81E81 /* CustomTabbar-Swiftui */;
			targetProxy = 366D656B28A6671500C81E81 /* PBXContainerItemProxy */;
		};
/* End PBXTargetDependency section */

/* Begin XCBuildConfiguration section */
		366D657228A6671500C81E81 /* Debug */ = {
			isa = XCBuildConfiguration;
			buildSettings = {
				ALWAYS_SEARCH_USER_PATHS = NO;
				CLANG_ANALYZER_NONNULL = YES;
				CLANG_ANALYZER_NUMBER_OBJECT_CONVERSION = YES_AGGRESSIVE;
				CLANG_CXX_LANGUAGE_STANDARD = "gnu++17";
				CLANG_ENABLE_MODULES = YES;
				CLANG_ENABLE_OBJC_ARC = YES;
				CLANG_ENABLE_OBJC_WEAK = YES;
				CLANG_WARN_BLOCK_CAPTURE_AUTORELEASING = YES;
				CLANG_WARN_BOOL_CONVERSION = YES;
				CLANG_WARN_COMMA = YES;
				CLANG_WARN_CONSTANT_CONVERSION = YES;
				CLANG_WARN_DEPRECATED_OBJC_IMPLEMENTATIONS = YES;
				CLANG_WARN_DIRECT_OBJC_ISA_USAGE = YES_ERROR;
				CLANG_WARN_DOCUMENTATION_COMMENTS = YES;
				CLANG_WARN_EMPTY_BODY = YES;
				CLANG_WARN_ENUM_CONVERSION = YES;
				CLANG_WARN_INFINITE_RECURSION = YES;
				CLANG_WARN_INT_CONVERSION = YES;
				CLANG_WARN_NON_LITERAL_NULL_CONVERSION = YES;
				CLANG_WARN_OBJC_IMPLICIT_RETAIN_SELF = YES;
				CLANG_WARN_OBJC_LITERAL_CONVERSION = YES;
				CLANG_WARN_OBJC_ROOT_CLASS = YES_ERROR;
				CLANG_WARN_QUOTED_INCLUDE_IN_FRAMEWORK_HEADER = YES;
				CLANG_WARN_RANGE_LOOP_ANALYSIS = YES;
				CLANG_WARN_STRICT_PROTOTYPES = YES;
				CLANG_WARN_SUSPICIOUS_MOVE = YES;
				CLANG_WARN_UNGUARDED_AVAILABILITY = YES_AGGRESSIVE;
				CLANG_WARN_UNREACHABLE_CODE = YES;
				CLANG_WARN__DUPLICATE_METHOD_MATCH = YES;
				COPY_PHASE_STRIP = NO;
				DEBUG_INFORMATION_FORMAT = dwarf;
				ENABLE_STRICT_OBJC_MSGSEND = YES;
				ENABLE_TESTABILITY = YES;
				GCC_C_LANGUAGE_STANDARD = gnu11;
				GCC_DYNAMIC_NO_PIC = NO;
				GCC_NO_COMMON_BLOCKS = YES;
				GCC_OPTIMIZATION_LEVEL = 0;
				GCC_PREPROCESSOR_DEFINITIONS = (
					"DEBUG=1",
					"$(inherited)",
				);
				GCC_WARN_64_TO_32_BIT_CONVERSION = YES;
				GCC_WARN_ABOUT_RETURN_TYPE = YES_ERROR;
				GCC_WARN_UNDECLARED_SELECTOR = YES;
				GCC_WARN_UNINITIALIZED_AUTOS = YES_AGGRESSIVE;
				GCC_WARN_UNUSED_FUNCTION = YES;
				GCC_WARN_UNUSED_VARIABLE = YES;
				IPHONEOS_DEPLOYMENT_TARGET = 15.5;
				MTL_ENABLE_DEBUG_INFO = INCLUDE_SOURCE;
				MTL_FAST_MATH = YES;
				ONLY_ACTIVE_ARCH = YES;
				SDKROOT = iphoneos;
				SWIFT_ACTIVE_COMPILATION_CONDITIONS = DEBUG;
				SWIFT_OPTIMIZATION_LEVEL = "-Onone";
			};
			name = Debug;
		};
		366D657328A6671500C81E81 /* Release */ = {
			isa = XCBuildConfiguration;
			buildSettings = {
				ALWAYS_SEARCH_USER_PATHS = NO;
				CLANG_ANALYZER_NONNULL = YES;
				CLANG_ANALYZER_NUMBER_OBJECT_CONVERSION = YES_AGGRESSIVE;
				CLANG_CXX_LANGUAGE_STANDARD = "gnu++17";
				CLANG_ENABLE_MODULES = YES;
				CLANG_ENABLE_OBJC_ARC = YES;
				CLANG_ENABLE_OBJC_WEAK = YES;
				CLANG_WARN_BLOCK_CAPTURE_AUTORELEASING = YES;
				CLANG_WARN_BOOL_CONVERSION = YES;
				CLANG_WARN_COMMA = YES;
				CLANG_WARN_CONSTANT_CONVERSION = YES;
				CLANG_WARN_DEPRECATED_OBJC_IMPLEMENTATIONS = YES;
				CLANG_WARN_DIRECT_OBJC_ISA_USAGE = YES_ERROR;
				CLANG_WARN_DOCUMENTATION_COMMENTS = YES;
				CLANG_WARN_EMPTY_BODY = YES;
				CLANG_WARN_ENUM_CONVERSION = YES;
				CLANG_WARN_INFINITE_RECURSION = YES;
				CLANG_WARN_INT_CONVERSION = YES;
				CLANG_WARN_NON_LITERAL_NULL_CONVERSION = YES;
				CLANG_WARN_OBJC_IMPLICIT_RETAIN_SELF = YES;
				CLANG_WARN_OBJC_LITERAL_CONVERSION = YES;
				CLANG_WARN_OBJC_ROOT_CLASS = YES_ERROR;
				CLANG_WARN_QUOTED_INCLUDE_IN_FRAMEWORK_HEADER = YES;
				CLANG_WARN_RANGE_LOOP_ANALYSIS = YES;
				CLANG_WARN_STRICT_PROTOTYPES = YES;
				CLANG_WARN_SUSPICIOUS_MOVE = YES;
				CLANG_WARN_UNGUARDED_AVAILABILITY = YES_AGGRESSIVE;
				CLANG_WARN_UNREACHABLE_CODE = YES;
				CLANG_WARN__DUPLICATE_METHOD_MATCH = YES;
				COPY_PHASE_STRIP = NO;
				DEBUG_INFORMATION_FORMAT = "dwarf-with-dsym";
				ENABLE_NS_ASSERTIONS = NO;
				ENABLE_STRICT_OBJC_MSGSEND = YES;
				GCC_C_LANGUAGE_STANDARD = gnu11;
				GCC_NO_COMMON_BLOCKS = YES;
				GCC_WARN_64_TO_32_BIT_CONVERSION = YES;
				GCC_WARN_ABOUT_RETURN_TYPE = YES_ERROR;
				GCC_WARN_UNDECLARED_SELECTOR = YES;
				GCC_WARN_UNINITIALIZED_AUTOS = YES_AGGRESSIVE;
				GCC_WARN_UNUSED_FUNCTION = YES;
				GCC_WARN_UNUSED_VARIABLE = YES;
				IPHONEOS_DEPLOYMENT_TARGET = 15.5;
				MTL_ENABLE_DEBUG_INFO = NO;
				MTL_FAST_MATH = YES;
				SDKROOT = iphoneos;
				SWIFT_COMPILATION_MODE = wholemodule;
				SWIFT_OPTIMIZATION_LEVEL = "-O";
				VALIDATE_PRODUCT = YES;
			};
			name = Release;
		};
		366D657528A6671500C81E81 /* Debug */ = {
			isa = XCBuildConfiguration;
			buildSettings = {
				ASSETCATALOG_COMPILER_APPICON_NAME = AppIcon;
				ASSETCATALOG_COMPILER_GLOBAL_ACCENT_COLOR_NAME = AccentColor;
				CODE_SIGN_STYLE = Automatic;
				CURRENT_PROJECT_VERSION = 1;
				DEVELOPMENT_ASSET_PATHS = "\"CustomTabbar-Swiftui/Preview Content\"";
				ENABLE_PREVIEWS = YES;
				GENERATE_INFOPLIST_FILE = YES;
				INFOPLIST_KEY_UIApplicationSceneManifest_Generation = YES;
				INFOPLIST_KEY_UIApplicationSupportsIndirectInputEvents = YES;
				INFOPLIST_KEY_UILaunchScreen_Generation = YES;
				INFOPLIST_KEY_UISupportedInterfaceOrientations_iPad = "UIInterfaceOrientationPortrait UIInterfaceOrientationPortraitUpsideDown UIInterfaceOrientationLandscapeLeft UIInterfaceOrientationLandscapeRight";
				INFOPLIST_KEY_UISupportedInterfaceOrientations_iPhone = "UIInterfaceOrientationPortrait UIInterfaceOrientationLandscapeLeft UIInterfaceOrientationLandscapeRight";
				LD_RUNPATH_SEARCH_PATHS = (
					"$(inherited)",
					"@executable_path/Frameworks",
				);
				MARKETING_VERSION = 1.0;
				PRODUCT_BUNDLE_IDENTIFIER = "com.gourav.CustomTabbar-Swiftui";
				PRODUCT_NAME = "$(TARGET_NAME)";
				SWIFT_EMIT_LOC_STRINGS = YES;
				SWIFT_VERSION = 5.0;
				TARGETED_DEVICE_FAMILY = "1,2";
			};
			name = Debug;
		};
		366D657628A6671500C81E81 /* Release */ = {
			isa = XCBuildConfiguration;
			buildSettings = {
				ASSETCATALOG_COMPILER_APPICON_NAME = AppIcon;
				ASSETCATALOG_COMPILER_GLOBAL_ACCENT_COLOR_NAME = AccentColor;
				CODE_SIGN_STYLE = Automatic;
				CURRENT_PROJECT_VERSION = 1;
				DEVELOPMENT_ASSET_PATHS = "\"CustomTabbar-Swiftui/Preview Content\"";
				ENABLE_PREVIEWS = YES;
				GENERATE_INFOPLIST_FILE = YES;
				INFOPLIST_KEY_UIApplicationSceneManifest_Generation = YES;
				INFOPLIST_KEY_UIApplicationSupportsIndirectInputEvents = YES;
				INFOPLIST_KEY_UILaunchScreen_Generation = YES;
				INFOPLIST_KEY_UISupportedInterfaceOrientations_iPad = "UIInterfaceOrientationPortrait UIInterfaceOrientationPortraitUpsideDown UIInterfaceOrientationLandscapeLeft UIInterfaceOrientationLandscapeRight";
				INFOPLIST_KEY_UISupportedInterfaceOrientations_iPhone = "UIInterfaceOrientationPortrait UIInterfaceOrientationLandscapeLeft UIInterfaceOrientationLandscapeRight";
				LD_RUNPATH_SEARCH_PATHS = (
					"$(inherited)",
					"@executable_path/Frameworks",
				);
				MARKETING_VERSION = 1.0;
				PRODUCT_BUNDLE_IDENTIFIER = "com.gourav.CustomTabbar-Swiftui";
				PRODUCT_NAME = "$(TARGET_NAME)";
				SWIFT_EMIT_LOC_STRINGS = YES;
				SWIFT_VERSION = 5.0;
				TARGETED_DEVICE_FAMILY = "1,2";
			};
			name = Release;
		};
		366D657828A6671500C81E81 /* Debug */ = {
			isa = XCBuildConfiguration;
			buildSettings = {
				ALWAYS_EMBED_SWIFT_STANDARD_LIBRARIES = YES;
				BUNDLE_LOADER = "$(TEST_HOST)";
				CODE_SIGN_STYLE = Automatic;
				CURRENT_PROJECT_VERSION = 1;
				GENERATE_INFOPLIST_FILE = YES;
				IPHONEOS_DEPLOYMENT_TARGET = 15.5;
				MARKETING_VERSION = 1.0;
				PRODUCT_BUNDLE_IDENTIFIER = "com.gourav.CustomTabbar-SwiftuiTests";
				PRODUCT_NAME = "$(TARGET_NAME)";
				SWIFT_EMIT_LOC_STRINGS = NO;
				SWIFT_VERSION = 5.0;
				TARGETED_DEVICE_FAMILY = "1,2";
				TEST_HOST = "$(BUILT_PRODUCTS_DIR)/CustomTabbar-Swiftui.app/CustomTabbar-Swiftui";
			};
			name = Debug;
		};
		366D657928A6671500C81E81 /* Release */ = {
			isa = XCBuildConfiguration;
			buildSettings = {
				ALWAYS_EMBED_SWIFT_STANDARD_LIBRARIES = YES;
				BUNDLE_LOADER = "$(TEST_HOST)";
				CODE_SIGN_STYLE = Automatic;
				CURRENT_PROJECT_VERSION = 1;
				GENERATE_INFOPLIST_FILE = YES;
				IPHONEOS_DEPLOYMENT_TARGET = 15.5;
				MARKETING_VERSION = 1.0;
				PRODUCT_BUNDLE_IDENTIFIER = "com.gourav.CustomTabbar-SwiftuiTests";
				PRODUCT_NAME = "$(TARGET_NAME)";
				SWIFT_EMIT_LOC_STRINGS = NO;
				SWIFT_VERSION = 5.0;
				TARGETED_DEVICE_FAMILY = "1,2";
				TEST_HOST = "$(BUILT_PRODUCTS_DIR)/CustomTabbar-Swiftui.app/CustomTabbar-Swiftui";
			};
			name = Release;
		};
		366D657B28A6671500C81E81 /* Debug */ = {
			isa = XCBuildConfiguration;
			buildSettings = {
				ALWAYS_EMBED_SWIFT_STANDARD_LIBRARIES = YES;
				CODE_SIGN_STYLE = Automatic;
				CURRENT_PROJECT_VERSION = 1;
				GENERATE_INFOPLIST_FILE = YES;
				MARKETING_VERSION = 1.0;
				PRODUCT_BUNDLE_IDENTIFIER = "com.gourav.CustomTabbar-SwiftuiUITests";
				PRODUCT_NAME = "$(TARGET_NAME)";
				SWIFT_EMIT_LOC_STRINGS = NO;
				SWIFT_VERSION = 5.0;
				TARGETED_DEVICE_FAMILY = "1,2";
				TEST_TARGET_NAME = "CustomTabbar-Swiftui";
			};
			name = Debug;
		};
		366D657C28A6671500C81E81 /* Release */ = {
			isa = XCBuildConfiguration;
			buildSettings = {
				ALWAYS_EMBED_SWIFT_STANDARD_LIBRARIES = YES;
				CODE_SIGN_STYLE = Automatic;
				CURRENT_PROJECT_VERSION = 1;
				GENERATE_INFOPLIST_FILE = YES;
				MARKETING_VERSION = 1.0;
				PRODUCT_BUNDLE_IDENTIFIER = "com.gourav.CustomTabbar-SwiftuiUITests";
				PRODUCT_NAME = "$(TARGET_NAME)";
				SWIFT_EMIT_LOC_STRINGS = NO;
				SWIFT_VERSION = 5.0;
				TARGETED_DEVICE_FAMILY = "1,2";
				TEST_TARGET_NAME = "CustomTabbar-Swiftui";
			};
			name = Release;
		};
/* End XCBuildConfiguration section */

/* Begin XCConfigurationList section */
		366D654B28A6671300C81E81 /* Build configuration list for PBXProject "CustomTabbar-Swiftui" */ = {
			isa = XCConfigurationList;
			buildConfigurations = (
				366D657228A6671500C81E81 /* Debug */,
				366D657328A6671500C81E81 /* Release */,
			);
			defaultConfigurationIsVisible = 0;
			defaultConfigurationName = Release;
		};
		366D657428A6671500C81E81 /* Build configuration list for PBXNativeTarget "CustomTabbar-Swiftui" */ = {
			isa = XCConfigurationList;
			buildConfigurations = (
				366D657528A6671500C81E81 /* Debug */,
				366D657628A6671500C81E81 /* Release */,
			);
			defaultConfigurationIsVisible = 0;
			defaultConfigurationName = Release;
		};
		366D657728A6671500C81E81 /* Build configuration list for PBXNativeTarget "CustomTabbar-SwiftuiTests" */ = {
			isa = XCConfigurationList;
			buildConfigurations = (
				366D657828A6671500C81E81 /* Debug */,
				366D657928A6671500C81E81 /* Release */,
			);
			defaultConfigurationIsVisible = 0;
			defaultConfigurationName = Release;
		};
		366D657A28A6671500C81E81 /* Build configuration list for PBXNativeTarget "CustomTabbar-SwiftuiUITests" */ = {
			isa = XCConfigurationList;
			buildConfigurations = (
				366D657B28A6671500C81E81 /* Debug */,
				366D657C28A6671500C81E81 /* Release */,
			);
			defaultConfigurationIsVisible = 0;
			defaultConfigurationName = Release;
		};
/* End XCConfigurationList section */
	};
	rootObject = 366D654828A6671300C81E81 /* Project object */;
}
